
Microsoft Visual Studio Solution File, Format Version 12.00
# Visual Studio Version 17
VisualStudioVersion = 17.5.33516.290
MinimumVisualStudioVersion = 10.0.40219.1
Project("{8BC9CEB8-8B4A-11D0-8D11-00A0C91BC942}") = "c++1.9vector", "c++1.9vector\c++1.9vector.vcxproj", "{01BE9478-893F-44EC-92BB-6B077AADA766}"
EndProject
Global
	GlobalSection(SolutionConfigurationPlatforms) = preSolution
		Debug|x64 = Debug|x64
		Debug|x86 = Debug|x86
		Release|x64 = Release|x64
		Release|x86 = Release|x86
	EndGlobalSection
	GlobalSection(ProjectConfigurationPlatforms) = postSolution
		{01BE9478-893F-44EC-92BB-6B077AADA766}.Debug|x64.ActiveCfg = Debug|x64
		{01BE9478-893F-44EC-92BB-6B077AADA766}.Debug|x64.Build.0 = Debug|x64
		{01BE9478-893F-44EC-92BB-6B077AADA766}.Debug|x86.ActiveCfg = Debug|Win32
		{01BE9478-893F-44EC-92BB-6B077AADA766}.Debug|x86.Build.0 = Debug|Win32
		{01BE9478-893F-44EC-92BB-6B077AADA766}.Release|x64.ActiveCfg = Release|x64
		{01BE9478-893F-44EC-92BB-6B077AADA766}.Release|x64.Build.0 = Release|x64
		{01BE9478-893F-44EC-92BB-6B077AADA766}.Release|x86.ActiveCfg = Release|Win32
		{01BE9478-893F-44EC-92BB-6B077AADA766}.Release|x86.Build.0 = Release|Win32
	EndGlobalSection
	GlobalSection(SolutionProperties) = preSolution
		HideSolutionNode = FALSE
	EndGlobalSection
	GlobalSection(ExtensibilityGlobals) = postSolution
		SolutionGuid = {5304411C-D00B-4AF1-AD55-EC6E77DFD8E5}
	EndGlobalSection
EndGlobal
